
Microsoft Visual Studio Solution File, Format Version 12.00
# Visual Studio Version 16
VisualStudioVersion = 16.0.30626.31
MinimumVisualStudioVersion = 10.0.40219.1
Project("{FAE04EC0-301F-11D3-BF4B-00C04F79EFBC}") = "OpenTelemetry.Exporter.Dynatrace.Metrics", "src\OpenTelemetry.Exporter.Dynatrace.Metrics\OpenTelemetry.Exporter.Dynatrace.Metrics.csproj", "{8DDB77F2-2C08-46E8-AD19-211A21467D69}"
EndProject
Project("{FAE04EC0-301F-11D3-BF4B-00C04F79EFBC}") = "Examples.Console", "src\Examples.Console\Examples.Console.csproj", "{204AD0B2-FAFE-4DEF-AB3E-FD2D1B3C7547}"
EndProject
Global
	GlobalSection(SolutionConfigurationPlatforms) = preSolution
		Debug|Any CPU = Debug|Any CPU
		Release|Any CPU = Release|Any CPU
	EndGlobalSection
	GlobalSection(ProjectConfigurationPlatforms) = postSolution
		{8DDB77F2-2C08-46E8-AD19-211A21467D69}.Debug|Any CPU.ActiveCfg = Debug|Any CPU
		{8DDB77F2-2C08-46E8-AD19-211A21467D69}.Debug|Any CPU.Build.0 = Debug|Any CPU
		{8DDB77F2-2C08-46E8-AD19-211A21467D69}.Release|Any CPU.ActiveCfg = Release|Any CPU
		{8DDB77F2-2C08-46E8-AD19-211A21467D69}.Release|Any CPU.Build.0 = Release|Any CPU
		{204AD0B2-FAFE-4DEF-AB3E-FD2D1B3C7547}.Debug|Any CPU.ActiveCfg = Debug|Any CPU
		{204AD0B2-FAFE-4DEF-AB3E-FD2D1B3C7547}.Debug|Any CPU.Build.0 = Debug|Any CPU
		{204AD0B2-FAFE-4DEF-AB3E-FD2D1B3C7547}.Release|Any CPU.ActiveCfg = Release|Any CPU
		{204AD0B2-FAFE-4DEF-AB3E-FD2D1B3C7547}.Release|Any CPU.Build.0 = Release|Any CPU
	EndGlobalSection
	GlobalSection(SolutionProperties) = preSolution
		HideSolutionNode = FALSE
	EndGlobalSection
	GlobalSection(ExtensibilityGlobals) = postSolution
		SolutionGuid = {BC277A99-9BDE-4F99-A625-C72AC82F868E}
	EndGlobalSection
EndGlobal
